
Microsoft Visual Studio Solution File, Format Version 12.00
# Visual Studio 15
VisualStudioVersion = 15.0.25807.0
MinimumVisualStudioVersion = 10.0.40219.1
Project("{2150E333-8FDC-42A3-9474-1A3956D46DE8}") = "Engine", "Engine", "{6C88BC9F-AF49-4AEB-8B1A-8E4FA0FAC036}"
EndProject
Project("{2150E333-8FDC-42A3-9474-1A3956D46DE8}") = "Games", "Games", "{D2B3FDF8-B3D2-43FC-AEAF-A85B826E4C31}"
EndProject
Project("{8BC9CEB8-8B4A-11D0-8D11-00A0C91BC942}") = "EmptyCPP", "Intermediate\ProjectFiles\EmptyCPP.vcxproj", "{AB789B95-701F-4FC5-84ED-3AD314CC8AD6}"
EndProject
Project("{8BC9CEB8-8B4A-11D0-8D11-00A0C91BC942}") = "UE4", "Intermediate\ProjectFiles\UE4.vcxproj", "{E50A5241-6998-4A4F-A5A2-178592F4420A}"
EndProject
Project("{2150E333-8FDC-42A3-9474-1A3956D46DE8}") = "Visualizers", "Visualizers", "{B91F887A-13D8-42D4-BA39-5DBA6B9A8241}"
	ProjectSection(SolutionItems) = preProject
		..\..\..\..\..\UnrealEngine\UE_4.21\Engine\Extras\VisualStudioDebugging\UE4.natvis = ..\..\..\..\..\UnrealEngine\UE_4.21\Engine\Extras\VisualStudioDebugging\UE4.natvis
	EndProjectSection
EndProject
Global
	GlobalSection(SolutionConfigurationPlatforms) = preSolution
		DebugGame Editor|HTML5 = DebugGame Editor|HTML5
		DebugGame Editor|Win32 = DebugGame Editor|Win32
		DebugGame Editor|Win64 = DebugGame Editor|Win64
		DebugGame|HTML5 = DebugGame|HTML5
		DebugGame|Win32 = DebugGame|Win32
		DebugGame|Win64 = DebugGame|Win64
		Development Editor|HTML5 = Development Editor|HTML5
		Development Editor|Win32 = Development Editor|Win32
		Development Editor|Win64 = Development Editor|Win64
		Development|HTML5 = Development|HTML5
		Development|Win32 = Development|Win32
		Development|Win64 = Development|Win64
		Shipping|HTML5 = Shipping|HTML5
		Shipping|Win32 = Shipping|Win32
		Shipping|Win64 = Shipping|Win64
	EndGlobalSection
	GlobalSection(ProjectConfigurationPlatforms) = postSolution
		{AB789B95-701F-4FC5-84ED-3AD314CC8AD6}.DebugGame Editor|HTML5.ActiveCfg = Invalid|Win32
		{AB789B95-701F-4FC5-84ED-3AD314CC8AD6}.DebugGame Editor|Win32.ActiveCfg = Invalid|Win32
		{AB789B95-701F-4FC5-84ED-3AD314CC8AD6}.DebugGame Editor|Win64.ActiveCfg = DebugGame_Editor|x64
		{AB789B95-701F-4FC5-84ED-3AD314CC8AD6}.DebugGame Editor|Win64.Build.0 = DebugGame_Editor|x64
		{AB789B95-701F-4FC5-84ED-3AD314CC8AD6}.DebugGame|HTML5.ActiveCfg = HTML5_DebugGame|Win32
		{AB789B95-701F-4FC5-84ED-3AD314CC8AD6}.DebugGame|HTML5.Build.0 = HTML5_DebugGame|Win32
		{AB789B95-701F-4FC5-84ED-3AD314CC8AD6}.DebugGame|Win32.ActiveCfg = DebugGame|Win32
		{AB789B95-701F-4FC5-84ED-3AD314CC8AD6}.DebugGame|Win32.Build.0 = DebugGame|Win32
		{AB789B95-701F-4FC5-84ED-3AD314CC8AD6}.DebugGame|Win64.ActiveCfg = DebugGame|x64
		{AB789B95-701F-4FC5-84ED-3AD314CC8AD6}.DebugGame|Win64.Build.0 = DebugGame|x64
		{AB789B95-701F-4FC5-84ED-3AD314CC8AD6}.Development Editor|HTML5.ActiveCfg = Invalid|Win32
		{AB789B95-701F-4FC5-84ED-3AD314CC8AD6}.Development Editor|Win32.ActiveCfg = Invalid|Win32
		{AB789B95-701F-4FC5-84ED-3AD314CC8AD6}.Development Editor|Win64.ActiveCfg = Development_Editor|x64
		{AB789B95-701F-4FC5-84ED-3AD314CC8AD6}.Development Editor|Win64.Build.0 = Development_Editor|x64
		{AB789B95-701F-4FC5-84ED-3AD314CC8AD6}.Development|HTML5.ActiveCfg = HTML5_Development|Win32
		{AB789B95-701F-4FC5-84ED-3AD314CC8AD6}.Development|HTML5.Build.0 = HTML5_Development|Win32
		{AB789B95-701F-4FC5-84ED-3AD314CC8AD6}.Development|Win32.ActiveCfg = Development|Win32
		{AB789B95-701F-4FC5-84ED-3AD314CC8AD6}.Development|Win32.Build.0 = Development|Win32
		{AB789B95-701F-4FC5-84ED-3AD314CC8AD6}.Development|Win64.ActiveCfg = Development|x64
		{AB789B95-701F-4FC5-84ED-3AD314CC8AD6}.Development|Win64.Build.0 = Development|x64
		{AB789B95-701F-4FC5-84ED-3AD314CC8AD6}.Shipping|HTML5.ActiveCfg = HTML5_Shipping|Win32
		{AB789B95-701F-4FC5-84ED-3AD314CC8AD6}.Shipping|HTML5.Build.0 = HTML5_Shipping|Win32
		{AB789B95-701F-4FC5-84ED-3AD314CC8AD6}.Shipping|Win32.ActiveCfg = Shipping|Win32
		{AB789B95-701F-4FC5-84ED-3AD314CC8AD6}.Shipping|Win32.Build.0 = Shipping|Win32
		{AB789B95-701F-4FC5-84ED-3AD314CC8AD6}.Shipping|Win64.ActiveCfg = Shipping|x64
		{AB789B95-701F-4FC5-84ED-3AD314CC8AD6}.Shipping|Win64.Build.0 = Shipping|x64
		{E50A5241-6998-4A4F-A5A2-178592F4420A}.DebugGame Editor|HTML5.ActiveCfg = BuiltWithUnrealBuildTool|Win32
		{E50A5241-6998-4A4F-A5A2-178592F4420A}.DebugGame Editor|Win32.ActiveCfg = BuiltWithUnrealBuildTool|Win32
		{E50A5241-6998-4A4F-A5A2-178592F4420A}.DebugGame Editor|Win64.ActiveCfg = BuiltWithUnrealBuildTool|Win32
		{E50A5241-6998-4A4F-A5A2-178592F4420A}.DebugGame|HTML5.ActiveCfg = BuiltWithUnrealBuildTool|Win32
		{E50A5241-6998-4A4F-A5A2-178592F4420A}.DebugGame|Win32.ActiveCfg = BuiltWithUnrealBuildTool|Win32
		{E50A5241-6998-4A4F-A5A2-178592F4420A}.DebugGame|Win64.ActiveCfg = BuiltWithUnrealBuildTool|Win32
		{E50A5241-6998-4A4F-A5A2-178592F4420A}.Development Editor|HTML5.ActiveCfg = BuiltWithUnrealBuildTool|Win32
		{E50A5241-6998-4A4F-A5A2-178592F4420A}.Development Editor|Win32.ActiveCfg = BuiltWithUnrealBuildTool|Win32
		{E50A5241-6998-4A4F-A5A2-178592F4420A}.Development Editor|Win64.ActiveCfg = BuiltWithUnrealBuildTool|Win32
		{E50A5241-6998-4A4F-A5A2-178592F4420A}.Development|HTML5.ActiveCfg = BuiltWithUnrealBuildTool|Win32
		{E50A5241-6998-4A4F-A5A2-178592F4420A}.Development|Win32.ActiveCfg = BuiltWithUnrealBuildTool|Win32
		{E50A5241-6998-4A4F-A5A2-178592F4420A}.Development|Win64.ActiveCfg = BuiltWithUnrealBuildTool|Win32
		{E50A5241-6998-4A4F-A5A2-178592F4420A}.Shipping|HTML5.ActiveCfg = BuiltWithUnrealBuildTool|Win32
		{E50A5241-6998-4A4F-A5A2-178592F4420A}.Shipping|Win32.ActiveCfg = BuiltWithUnrealBuildTool|Win32
		{E50A5241-6998-4A4F-A5A2-178592F4420A}.Shipping|Win64.ActiveCfg = BuiltWithUnrealBuildTool|Win32
	EndGlobalSection
	GlobalSection(SolutionProperties) = preSolution
		HideSolutionNode = FALSE
	EndGlobalSection
	GlobalSection(NestedProjects) = preSolution
		{E50A5241-6998-4A4F-A5A2-178592F4420A} = {6C88BC9F-AF49-4AEB-8B1A-8E4FA0FAC036}
		{AB789B95-701F-4FC5-84ED-3AD314CC8AD6} = {D2B3FDF8-B3D2-43FC-AEAF-A85B826E4C31}
	EndGlobalSection
EndGlobal
